
Microsoft Visual Studio Solution File, Format Version 12.00
# Visual Studio Version 17
VisualStudioVersion = 17.4.33122.133
MinimumVisualStudioVersion = 10.0.40219.1
Project("{9A19103F-16F7-4668-BE54-9A1E7A4F7556}") = "asd_labs", "asd_labs\asd_labs.csproj", "{B838428D-8B3C-4228-80E4-79BBA4D0F24C}"
EndProject
Project("{8BC9CEB8-8B4A-11D0-8D11-00A0C91BC942}") = "lab3_asd", "lab3_asd\lab3_asd.vcxproj", "{BAE72DD5-D6DD-488E-9696-B06373A157B7}"
EndProject
Project("{8BC9CEB8-8B4A-11D0-8D11-00A0C91BC942}") = "ASD_LAB4", "ASD_LAB4\ASD_LAB4.vcxproj", "{4AA7EE27-04C8-4A0B-AB12-4835E398CC56}"
EndProject
Project("{8BC9CEB8-8B4A-11D0-8D11-00A0C91BC942}") = "Asd_lab6", "Asd_lab6\Asd_lab6.vcxproj", "{CDC664FF-A494-475B-9ED1-930F5AEDA3B8}"
EndProject
Project("{8BC9CEB8-8B4A-11D0-8D11-00A0C91BC942}") = "Asd_lab8", "Asd_lab8\Asd_lab8.vcxproj", "{B2750173-7310-425D-92D4-DDFEA4F6AE2C}"
EndProject
Project("{8BC9CEB8-8B4A-11D0-8D11-00A0C91BC942}") = "TestProj7", "TestProj7\TestProj7.vcxproj", "{9BF0F71C-4ED2-4E38-A68A-B739D85B2855}"
EndProject
Project("{8BC9CEB8-8B4A-11D0-8D11-00A0C91BC942}") = "asdlab9", "asdlab9\asdlab9.vcxproj", "{F06B3FB9-0AAD-49C9-B0AA-0FA59CA9C0CB}"
EndProject
Project("{8BC9CEB8-8B4A-11D0-8D11-00A0C91BC942}") = "part2", "part2\part2.vcxproj", "{B40B3EAA-414B-430A-9857-BB2CFD133D36}"
EndProject
Project("{8BC9CEB8-8B4A-11D0-8D11-00A0C91BC942}") = "Asd_lab10", "Asd_lab10\Asd_lab10.vcxproj", "{4F1C12AD-5092-43FA-B831-64E1AD7BB350}"
EndProject
Project("{8BC9CEB8-8B4A-11D0-8D11-00A0C91BC942}") = "Asd_lab11", "Asd_lab11\Asd_lab11.vcxproj", "{556C6CE6-6BFF-4BF1-891A-4AD0A92513A6}"
EndProject
Global
	GlobalSection(SolutionConfigurationPlatforms) = preSolution
		Debug|Any CPU = Debug|Any CPU
		Debug|x64 = Debug|x64
		Debug|x86 = Debug|x86
		Release|Any CPU = Release|Any CPU
		Release|x64 = Release|x64
		Release|x86 = Release|x86
	EndGlobalSection
	GlobalSection(ProjectConfigurationPlatforms) = postSolution
		{B838428D-8B3C-4228-80E4-79BBA4D0F24C}.Debug|Any CPU.ActiveCfg = Debug|Any CPU
		{B838428D-8B3C-4228-80E4-79BBA4D0F24C}.Debug|Any CPU.Build.0 = Debug|Any CPU
		{B838428D-8B3C-4228-80E4-79BBA4D0F24C}.Debug|x64.ActiveCfg = Debug|Any CPU
		{B838428D-8B3C-4228-80E4-79BBA4D0F24C}.Debug|x64.Build.0 = Debug|Any CPU
		{B838428D-8B3C-4228-80E4-79BBA4D0F24C}.Debug|x86.ActiveCfg = Debug|Any CPU
		{B838428D-8B3C-4228-80E4-79BBA4D0F24C}.Debug|x86.Build.0 = Debug|Any CPU
		{B838428D-8B3C-4228-80E4-79BBA4D0F24C}.Release|Any CPU.ActiveCfg = Release|Any CPU
		{B838428D-8B3C-4228-80E4-79BBA4D0F24C}.Release|Any CPU.Build.0 = Release|Any CPU
		{B838428D-8B3C-4228-80E4-79BBA4D0F24C}.Release|x64.ActiveCfg = Release|Any CPU
		{B838428D-8B3C-4228-80E4-79BBA4D0F24C}.Release|x64.Build.0 = Release|Any CPU
		{B838428D-8B3C-4228-80E4-79BBA4D0F24C}.Release|x86.ActiveCfg = Release|Any CPU
		{B838428D-8B3C-4228-80E4-79BBA4D0F24C}.Release|x86.Build.0 = Release|Any CPU
		{BAE72DD5-D6DD-488E-9696-B06373A157B7}.Debug|Any CPU.ActiveCfg = Debug|x64
		{BAE72DD5-D6DD-488E-9696-B06373A157B7}.Debug|Any CPU.Build.0 = Debug|x64
		{BAE72DD5-D6DD-488E-9696-B06373A157B7}.Debug|x64.ActiveCfg = Debug|x64
		{BAE72DD5-D6DD-488E-9696-B06373A157B7}.Debug|x64.Build.0 = Debug|x64
		{BAE72DD5-D6DD-488E-9696-B06373A157B7}.Debug|x86.ActiveCfg = Debug|Win32
		{BAE72DD5-D6DD-488E-9696-B06373A157B7}.Debug|x86.Build.0 = Debug|Win32
		{BAE72DD5-D6DD-488E-9696-B06373A157B7}.Release|Any CPU.ActiveCfg = Release|x64
		{BAE72DD5-D6DD-488E-9696-B06373A157B7}.Release|Any CPU.Build.0 = Release|x64
		{BAE72DD5-D6DD-488E-9696-B06373A157B7}.Release|x64.ActiveCfg = Release|x64
		{BAE72DD5-D6DD-488E-9696-B06373A157B7}.Release|x64.Build.0 = Release|x64
		{BAE72DD5-D6DD-488E-9696-B06373A157B7}.Release|x86.ActiveCfg = Release|Win32
		{BAE72DD5-D6DD-488E-9696-B06373A157B7}.Release|x86.Build.0 = Release|Win32
		{4AA7EE27-04C8-4A0B-AB12-4835E398CC56}.Debug|Any CPU.ActiveCfg = Debug|x64
		{4AA7EE27-04C8-4A0B-AB12-4835E398CC56}.Debug|Any CPU.Build.0 = Debug|x64
		{4AA7EE27-04C8-4A0B-AB12-4835E398CC56}.Debug|x64.ActiveCfg = Debug|x64
		{4AA7EE27-04C8-4A0B-AB12-4835E398CC56}.Debug|x64.Build.0 = Debug|x64
		{4AA7EE27-04C8-4A0B-AB12-4835E398CC56}.Debug|x86.ActiveCfg = Debug|Win32
		{4AA7EE27-04C8-4A0B-AB12-4835E398CC56}.Debug|x86.Build.0 = Debug|Win32
		{4AA7EE27-04C8-4A0B-AB12-4835E398CC56}.Release|Any CPU.ActiveCfg = Release|x64
		{4AA7EE27-04C8-4A0B-AB12-4835E398CC56}.Release|Any CPU.Build.0 = Release|x64
		{4AA7EE27-04C8-4A0B-AB12-4835E398CC56}.Release|x64.ActiveCfg = Release|x64
		{4AA7EE27-04C8-4A0B-AB12-4835E398CC56}.Release|x64.Build.0 = Release|x64
		{4AA7EE27-04C8-4A0B-AB12-4835E398CC56}.Release|x86.ActiveCfg = Release|Win32
		{4AA7EE27-04C8-4A0B-AB12-4835E398CC56}.Release|x86.Build.0 = Release|Win32
		{CDC664FF-A494-475B-9ED1-930F5AEDA3B8}.Debug|Any CPU.ActiveCfg = Debug|x64
		{CDC664FF-A494-475B-9ED1-930F5AEDA3B8}.Debug|Any CPU.Build.0 = Debug|x64
		{CDC664FF-A494-475B-9ED1-930F5AEDA3B8}.Debug|x64.ActiveCfg = Debug|x64
		{CDC664FF-A494-475B-9ED1-930F5AEDA3B8}.Debug|x64.Build.0 = Debug|x64
		{CDC664FF-A494-475B-9ED1-930F5AEDA3B8}.Debug|x86.ActiveCfg = Debug|Win32
		{CDC664FF-A494-475B-9ED1-930F5AEDA3B8}.Debug|x86.Build.0 = Debug|Win32
		{CDC664FF-A494-475B-9ED1-930F5AEDA3B8}.Release|Any CPU.ActiveCfg = Release|x64
		{CDC664FF-A494-475B-9ED1-930F5AEDA3B8}.Release|Any CPU.Build.0 = Release|x64
		{CDC664FF-A494-475B-9ED1-930F5AEDA3B8}.Release|x64.ActiveCfg = Release|x64
		{CDC664FF-A494-475B-9ED1-930F5AEDA3B8}.Release|x64.Build.0 = Release|x64
		{CDC664FF-A494-475B-9ED1-930F5AEDA3B8}.Release|x86.ActiveCfg = Release|Win32
		{CDC664FF-A494-475B-9ED1-930F5AEDA3B8}.Release|x86.Build.0 = Release|Win32
		{B2750173-7310-425D-92D4-DDFEA4F6AE2C}.Debug|Any CPU.ActiveCfg = Debug|x64
		{B2750173-7310-425D-92D4-DDFEA4F6AE2C}.Debug|Any CPU.Build.0 = Debug|x64
		{B2750173-7310-425D-92D4-DDFEA4F6AE2C}.Debug|x64.ActiveCfg = Debug|x64
		{B2750173-7310-425D-92D4-DDFEA4F6AE2C}.Debug|x64.Build.0 = Debug|x64
		{B2750173-7310-425D-92D4-DDFEA4F6AE2C}.Debug|x86.ActiveCfg = Debug|Win32
		{B2750173-7310-425D-92D4-DDFEA4F6AE2C}.Debug|x86.Build.0 = Debug|Win32
		{B2750173-7310-425D-92D4-DDFEA4F6AE2C}.Release|Any CPU.ActiveCfg = Release|x64
		{B2750173-7310-425D-92D4-DDFEA4F6AE2C}.Release|Any CPU.Build.0 = Release|x64
		{B2750173-7310-425D-92D4-DDFEA4F6AE2C}.Release|x64.ActiveCfg = Release|x64
		{B2750173-7310-425D-92D4-DDFEA4F6AE2C}.Release|x64.Build.0 = Release|x64
		{B2750173-7310-425D-92D4-DDFEA4F6AE2C}.Release|x86.ActiveCfg = Release|Win32
		{B2750173-7310-425D-92D4-DDFEA4F6AE2C}.Release|x86.Build.0 = Release|Win32
		{9BF0F71C-4ED2-4E38-A68A-B739D85B2855}.Debug|Any CPU.ActiveCfg = Debug|x64
		{9BF0F71C-4ED2-4E38-A68A-B739D85B2855}.Debug|Any CPU.Build.0 = Debug|x64
		{9BF0F71C-4ED2-4E38-A68A-B739D85B2855}.Debug|x64.ActiveCfg = Debug|x64
		{9BF0F71C-4ED2-4E38-A68A-B739D85B2855}.Debug|x64.Build.0 = Debug|x64
		{9BF0F71C-4ED2-4E38-A68A-B739D85B2855}.Debug|x86.ActiveCfg = Debug|Win32
		{9BF0F71C-4ED2-4E38-A68A-B739D85B2855}.Debug|x86.Build.0 = Debug|Win32
		{9BF0F71C-4ED2-4E38-A68A-B739D85B2855}.Release|Any CPU.ActiveCfg = Release|x64
		{9BF0F71C-4ED2-4E38-A68A-B739D85B2855}.Release|Any CPU.Build.0 = Release|x64
		{9BF0F71C-4ED2-4E38-A68A-B739D85B2855}.Release|x64.ActiveCfg = Release|x64
		{9BF0F71C-4ED2-4E38-A68A-B739D85B2855}.Release|x64.Build.0 = Release|x64
		{9BF0F71C-4ED2-4E38-A68A-B739D85B2855}.Release|x86.ActiveCfg = Release|Win32
		{9BF0F71C-4ED2-4E38-A68A-B739D85B2855}.Release|x86.Build.0 = Release|Win32
		{F06B3FB9-0AAD-49C9-B0AA-0FA59CA9C0CB}.Debug|Any CPU.ActiveCfg = Debug|x64
		{F06B3FB9-0AAD-49C9-B0AA-0FA59CA9C0CB}.Debug|Any CPU.Build.0 = Debug|x64
		{F06B3FB9-0AAD-49C9-B0AA-0FA59CA9C0CB}.Debug|x64.ActiveCfg = Debug|x64
		{F06B3FB9-0AAD-49C9-B0AA-0FA59CA9C0CB}.Debug|x64.Build.0 = Debug|x64
		{F06B3FB9-0AAD-49C9-B0AA-0FA59CA9C0CB}.Debug|x86.ActiveCfg = Debug|Win32
		{F06B3FB9-0AAD-49C9-B0AA-0FA59CA9C0CB}.Debug|x86.Build.0 = Debug|Win32
		{F06B3FB9-0AAD-49C9-B0AA-0FA59CA9C0CB}.Release|Any CPU.ActiveCfg = Release|x64
		{F06B3FB9-0AAD-49C9-B0AA-0FA59CA9C0CB}.Release|Any CPU.Build.0 = Release|x64
		{F06B3FB9-0AAD-49C9-B0AA-0FA59CA9C0CB}.Release|x64.ActiveCfg = Release|x64
		{F06B3FB9-0AAD-49C9-B0AA-0FA59CA9C0CB}.Release|x64.Build.0 = Release|x64
		{F06B3FB9-0AAD-49C9-B0AA-0FA59CA9C0CB}.Release|x86.ActiveCfg = Release|Win32
		{F06B3FB9-0AAD-49C9-B0AA-0FA59CA9C0CB}.Release|x86.Build.0 = Release|Win32
		{B40B3EAA-414B-430A-9857-BB2CFD133D36}.Debug|Any CPU.ActiveCfg = Debug|x64
		{B40B3EAA-414B-430A-9857-BB2CFD133D36}.Debug|Any CPU.Build.0 = Debug|x64
		{B40B3EAA-414B-430A-9857-BB2CFD133D36}.Debug|x64.ActiveCfg = Debug|x64
		{B40B3EAA-414B-430A-9857-BB2CFD133D36}.Debug|x64.Build.0 = Debug|x64
		{B40B3EAA-414B-430A-9857-BB2CFD133D36}.Debug|x86.ActiveCfg = Debug|Win32
		{B40B3EAA-414B-430A-9857-BB2CFD133D36}.Debug|x86.Build.0 = Debug|Win32
		{B40B3EAA-414B-430A-9857-BB2CFD133D36}.Release|Any CPU.ActiveCfg = Release|x64
		{B40B3EAA-414B-430A-9857-BB2CFD133D36}.Release|Any CPU.Build.0 = Release|x64
		{B40B3EAA-414B-430A-9857-BB2CFD133D36}.Release|x64.ActiveCfg = Release|x64
		{B40B3EAA-414B-430A-9857-BB2CFD133D36}.Release|x64.Build.0 = Release|x64
		{B40B3EAA-414B-430A-9857-BB2CFD133D36}.Release|x86.ActiveCfg = Release|Win32
		{B40B3EAA-414B-430A-9857-BB2CFD133D36}.Release|x86.Build.0 = Release|Win32
		{4F1C12AD-5092-43FA-B831-64E1AD7BB350}.Debug|Any CPU.ActiveCfg = Debug|x64
		{4F1C12AD-5092-43FA-B831-64E1AD7BB350}.Debug|Any CPU.Build.0 = Debug|x64
		{4F1C12AD-5092-43FA-B831-64E1AD7BB350}.Debug|x64.ActiveCfg = Debug|x64
		{4F1C12AD-5092-43FA-B831-64E1AD7BB350}.Debug|x64.Build.0 = Debug|x64
		{4F1C12AD-5092-43FA-B831-64E1AD7BB350}.Debug|x86.ActiveCfg = Debug|Win32
		{4F1C12AD-5092-43FA-B831-64E1AD7BB350}.Debug|x86.Build.0 = Debug|Win32
		{4F1C12AD-5092-43FA-B831-64E1AD7BB350}.Release|Any CPU.ActiveCfg = Release|x64
		{4F1C12AD-5092-43FA-B831-64E1AD7BB350}.Release|Any CPU.Build.0 = Release|x64
		{4F1C12AD-5092-43FA-B831-64E1AD7BB350}.Release|x64.ActiveCfg = Release|x64
		{4F1C12AD-5092-43FA-B831-64E1AD7BB350}.Release|x64.Build.0 = Release|x64
		{4F1C12AD-5092-43FA-B831-64E1AD7BB350}.Release|x86.ActiveCfg = Release|Win32
		{4F1C12AD-5092-43FA-B831-64E1AD7BB350}.Release|x86.Build.0 = Release|Win32
		{556C6CE6-6BFF-4BF1-891A-4AD0A92513A6}.Debug|Any CPU.ActiveCfg = Debug|x64
		{556C6CE6-6BFF-4BF1-891A-4AD0A92513A6}.Debug|Any CPU.Build.0 = Debug|x64
		{556C6CE6-6BFF-4BF1-891A-4AD0A92513A6}.Debug|x64.ActiveCfg = Debug|x64
		{556C6CE6-6BFF-4BF1-891A-4AD0A92513A6}.Debug|x64.Build.0 = Debug|x64
		{556C6CE6-6BFF-4BF1-891A-4AD0A92513A6}.Debug|x86.ActiveCfg = Debug|Win32
		{556C6CE6-6BFF-4BF1-891A-4AD0A92513A6}.Debug|x86.Build.0 = Debug|Win32
		{556C6CE6-6BFF-4BF1-891A-4AD0A92513A6}.Release|Any CPU.ActiveCfg = Release|x64
		{556C6CE6-6BFF-4BF1-891A-4AD0A92513A6}.Release|Any CPU.Build.0 = Release|x64
		{556C6CE6-6BFF-4BF1-891A-4AD0A92513A6}.Release|x64.ActiveCfg = Release|x64
		{556C6CE6-6BFF-4BF1-891A-4AD0A92513A6}.Release|x64.Build.0 = Release|x64
		{556C6CE6-6BFF-4BF1-891A-4AD0A92513A6}.Release|x86.ActiveCfg = Release|Win32
		{556C6CE6-6BFF-4BF1-891A-4AD0A92513A6}.Release|x86.Build.0 = Release|Win32
	EndGlobalSection
	GlobalSection(SolutionProperties) = preSolution
		HideSolutionNode = FALSE
	EndGlobalSection
	GlobalSection(ExtensibilityGlobals) = postSolution
		SolutionGuid = {A306FBB7-2D58-49D7-B24B-510847A5DD05}
	EndGlobalSection
EndGlobal
